
Microsoft Visual Studio Solution File, Format Version 12.00
# Visual Studio 15
VisualStudioVersion = 15.0.27004.2008
MinimumVisualStudioVersion = 10.0.40219.1
Project("{FAE04EC0-301F-11D3-BF4B-00C04F79EFBC}") = "ComicBookGallery", "ComicBookGallery\ComicBookGallery.csproj", "{AB69F1EB-4475-46C8-84F3-5AA3C00F7551}"
EndProject
Global
	GlobalSection(SolutionConfigurationPlatforms) = preSolution
		Debug|Any CPU = Debug|Any CPU
		Release|Any CPU = Release|Any CPU
	EndGlobalSection
	GlobalSection(ProjectConfigurationPlatforms) = postSolution
		{AB69F1EB-4475-46C8-84F3-5AA3C00F7551}.Debug|Any CPU.ActiveCfg = Debug|Any CPU
		{AB69F1EB-4475-46C8-84F3-5AA3C00F7551}.Debug|Any CPU.Build.0 = Debug|Any CPU
		{AB69F1EB-4475-46C8-84F3-5AA3C00F7551}.Release|Any CPU.ActiveCfg = Release|Any CPU
		{AB69F1EB-4475-46C8-84F3-5AA3C00F7551}.Release|Any CPU.Build.0 = Release|Any CPU
	EndGlobalSection
	GlobalSection(SolutionProperties) = preSolution
		HideSolutionNode = FALSE
	EndGlobalSection
	GlobalSection(ExtensibilityGlobals) = postSolution
		SolutionGuid = {F6FB364F-E24D-401B-8877-74179DBBE69A}
	EndGlobalSection
EndGlobal
